// !$*UTF8*$!
{
	archiveVersion = 1;
	classes = {
	};
	objectVersion = 55;
	objects = {

/* Begin PBXBuildFile section */
		591867F32B2E30D800D08725 /* Constants.swift in Sources */ = {isa = PBXBuildFile; fileRef = 591867F22B2E30D800D08725 /* Constants.swift */; };
		591867F52B3603B900D08725 /* AuthViewController.swift in Sources */ = {isa = PBXBuildFile; fileRef = 591867F42B3603B900D08725 /* AuthViewController.swift */; };
		591867F82B36103700D08725 /* WebViewViewController.swift in Sources */ = {isa = PBXBuildFile; fileRef = 591867F72B36103700D08725 /* WebViewViewController.swift */; };
		591F7A942B17C156000C6B0E /* ProfileViewController.swift in Sources */ = {isa = PBXBuildFile; fileRef = 591F7A932B17C156000C6B0E /* ProfileViewController.swift */; };
		595B36F62B3A007E007AD0A5 /* OAuth2TokenResponseBody.swift in Sources */ = {isa = PBXBuildFile; fileRef = 595B36F52B3A007E007AD0A5 /* OAuth2TokenResponseBody.swift */; };
		595FFBFD2B4DF08C000E1CB7 /* TabBarController.swift in Sources */ = {isa = PBXBuildFile; fileRef = 595FFBFC2B4DF08C000E1CB7 /* TabBarController.swift */; };
		597460E22B3A196A000D8A4A /* OAuth2Service.swift in Sources */ = {isa = PBXBuildFile; fileRef = 597460E12B3A196A000D8A4A /* OAuth2Service.swift */; };
		597460E42B3A2279000D8A4A /* OAuth2TokenStorage.swift in Sources */ = {isa = PBXBuildFile; fileRef = 597460E32B3A2279000D8A4A /* OAuth2TokenStorage.swift */; };
		597460E72B456F80000D8A4A /* SplashViewController.swift in Sources */ = {isa = PBXBuildFile; fileRef = 597460E62B456F80000D8A4A /* SplashViewController.swift */; };
		597460EA2B47353B000D8A4A /* ProgressHUD in Frameworks */ = {isa = PBXBuildFile; productRef = 597460E92B47353B000D8A4A /* ProgressHUD */; };
		597460ED2B48692A000D8A4A /* SwiftKeychainWrapper in Frameworks */ = {isa = PBXBuildFile; productRef = 597460EC2B48692A000D8A4A /* SwiftKeychainWrapper */; };
		597460EF2B49A129000D8A4A /* UIBlockingProgressHUD.swift in Sources */ = {isa = PBXBuildFile; fileRef = 597460EE2B49A129000D8A4A /* UIBlockingProgressHUD.swift */; };
		597460F22B49A338000D8A4A /* AlertPresenter.swift in Sources */ = {isa = PBXBuildFile; fileRef = 597460F12B49A338000D8A4A /* AlertPresenter.swift */; };
		597460F52B49A7A8000D8A4A /* URLSessionExtension.swift in Sources */ = {isa = PBXBuildFile; fileRef = 597460F42B49A7A8000D8A4A /* URLSessionExtension.swift */; };
		597460F72B49A84F000D8A4A /* NetworkErrors.swift in Sources */ = {isa = PBXBuildFile; fileRef = 597460F62B49A84F000D8A4A /* NetworkErrors.swift */; };
		597460F92B49B0DC000D8A4A /* URLRequestBuilder.swift in Sources */ = {isa = PBXBuildFile; fileRef = 597460F82B49B0DC000D8A4A /* URLRequestBuilder.swift */; };
		597460FB2B49DBCD000D8A4A /* ProfileService.swift in Sources */ = {isa = PBXBuildFile; fileRef = 597460FA2B49DBCD000D8A4A /* ProfileService.swift */; };
		597460FD2B49DC12000D8A4A /* ProfileStructures.swift in Sources */ = {isa = PBXBuildFile; fileRef = 597460FC2B49DC12000D8A4A /* ProfileStructures.swift */; };
		597461002B4B32F3000D8A4A /* Kingfisher in Frameworks */ = {isa = PBXBuildFile; productRef = 597460FF2B4B32F3000D8A4A /* Kingfisher */; };
		597461022B4C3B7C000D8A4A /* ProfileImageService.swift in Sources */ = {isa = PBXBuildFile; fileRef = 597461012B4C3B7C000D8A4A /* ProfileImageService.swift */; };
		599DC5972B1B441200B0C091 /* SingleImageViewController.swift in Sources */ = {isa = PBXBuildFile; fileRef = 599DC5962B1B441200B0C091 /* SingleImageViewController.swift */; };
		59AA187A2B1540A30085E35E /* GradientView.swift in Sources */ = {isa = PBXBuildFile; fileRef = 59AA18792B1540A30085E35E /* GradientView.swift */; };
		59CF2F592B0024CE00C639FD /* AppDelegate.swift in Sources */ = {isa = PBXBuildFile; fileRef = 59CF2F582B0024CE00C639FD /* AppDelegate.swift */; };
		59CF2F5B2B0024CE00C639FD /* SceneDelegate.swift in Sources */ = {isa = PBXBuildFile; fileRef = 59CF2F5A2B0024CE00C639FD /* SceneDelegate.swift */; };
		59CF2F5D2B0024CE00C639FD /* ImagesListViewController.swift in Sources */ = {isa = PBXBuildFile; fileRef = 59CF2F5C2B0024CE00C639FD /* ImagesListViewController.swift */; };
		59CF2F602B0024CE00C639FD /* Main.storyboard in Resources */ = {isa = PBXBuildFile; fileRef = 59CF2F5E2B0024CE00C639FD /* Main.storyboard */; };
		59CF2F622B0024E500C639FD /* Assets.xcassets in Resources */ = {isa = PBXBuildFile; fileRef = 59CF2F612B0024E500C639FD /* Assets.xcassets */; };
		59CF2F652B0024E500C639FD /* LaunchScreen.storyboard in Resources */ = {isa = PBXBuildFile; fileRef = 59CF2F632B0024E500C639FD /* LaunchScreen.storyboard */; };
		59CF2F6E2B07EF6B00C639FD /* UIColor+Extensions.swift in Sources */ = {isa = PBXBuildFile; fileRef = 59CF2F6D2B07EF6B00C639FD /* UIColor+Extensions.swift */; };
		59CF2F902B0E7B1E00C639FD /* ImagesListCell.swift in Sources */ = {isa = PBXBuildFile; fileRef = 59CF2F8F2B0E7B1E00C639FD /* ImagesListCell.swift */; };
/* End PBXBuildFile section */

/* Begin PBXFileReference section */
		591867F22B2E30D800D08725 /* Constants.swift */ = {isa = PBXFileReference; lastKnownFileType = sourcecode.swift; path = Constants.swift; sourceTree = "<group>"; };
		591867F42B3603B900D08725 /* AuthViewController.swift */ = {isa = PBXFileReference; lastKnownFileType = sourcecode.swift; path = AuthViewController.swift; sourceTree = "<group>"; };
		591867F72B36103700D08725 /* WebViewViewController.swift */ = {isa = PBXFileReference; lastKnownFileType = sourcecode.swift; path = WebViewViewController.swift; sourceTree = "<group>"; };
		591F7A932B17C156000C6B0E /* ProfileViewController.swift */ = {isa = PBXFileReference; lastKnownFileType = sourcecode.swift; path = ProfileViewController.swift; sourceTree = "<group>"; };
		595B36F52B3A007E007AD0A5 /* OAuth2TokenResponseBody.swift */ = {isa = PBXFileReference; lastKnownFileType = sourcecode.swift; path = OAuth2TokenResponseBody.swift; sourceTree = "<group>"; };
		595FFBFC2B4DF08C000E1CB7 /* TabBarController.swift */ = {isa = PBXFileReference; lastKnownFileType = sourcecode.swift; path = TabBarController.swift; sourceTree = "<group>"; };
		597460E12B3A196A000D8A4A /* OAuth2Service.swift */ = {isa = PBXFileReference; lastKnownFileType = sourcecode.swift; path = OAuth2Service.swift; sourceTree = "<group>"; };
		597460E32B3A2279000D8A4A /* OAuth2TokenStorage.swift */ = {isa = PBXFileReference; lastKnownFileType = sourcecode.swift; path = OAuth2TokenStorage.swift; sourceTree = "<group>"; };
		597460E62B456F80000D8A4A /* SplashViewController.swift */ = {isa = PBXFileReference; lastKnownFileType = sourcecode.swift; path = SplashViewController.swift; sourceTree = "<group>"; };
		597460EE2B49A129000D8A4A /* UIBlockingProgressHUD.swift */ = {isa = PBXFileReference; lastKnownFileType = sourcecode.swift; path = UIBlockingProgressHUD.swift; sourceTree = "<group>"; };
		597460F12B49A338000D8A4A /* AlertPresenter.swift */ = {isa = PBXFileReference; lastKnownFileType = sourcecode.swift; path = AlertPresenter.swift; sourceTree = "<group>"; };
		597460F42B49A7A8000D8A4A /* URLSessionExtension.swift */ = {isa = PBXFileReference; lastKnownFileType = sourcecode.swift; path = URLSessionExtension.swift; sourceTree = "<group>"; };
		597460F62B49A84F000D8A4A /* NetworkErrors.swift */ = {isa = PBXFileReference; lastKnownFileType = sourcecode.swift; path = NetworkErrors.swift; sourceTree = "<group>"; };
		597460F82B49B0DC000D8A4A /* URLRequestBuilder.swift */ = {isa = PBXFileReference; lastKnownFileType = sourcecode.swift; path = URLRequestBuilder.swift; sourceTree = "<group>"; };
		597460FA2B49DBCD000D8A4A /* ProfileService.swift */ = {isa = PBXFileReference; lastKnownFileType = sourcecode.swift; path = ProfileService.swift; sourceTree = "<group>"; };
		597460FC2B49DC12000D8A4A /* ProfileStructures.swift */ = {isa = PBXFileReference; lastKnownFileType = sourcecode.swift; path = ProfileStructures.swift; sourceTree = "<group>"; };
		597461012B4C3B7C000D8A4A /* ProfileImageService.swift */ = {isa = PBXFileReference; lastKnownFileType = sourcecode.swift; path = ProfileImageService.swift; sourceTree = "<group>"; };
		599DC5962B1B441200B0C091 /* SingleImageViewController.swift */ = {isa = PBXFileReference; lastKnownFileType = sourcecode.swift; path = SingleImageViewController.swift; sourceTree = "<group>"; };
		59AA18792B1540A30085E35E /* GradientView.swift */ = {isa = PBXFileReference; lastKnownFileType = sourcecode.swift; path = GradientView.swift; sourceTree = "<group>"; };
		59CF2F552B0024CE00C639FD /* ImageFeed.app */ = {isa = PBXFileReference; explicitFileType = wrapper.application; includeInIndex = 0; path = ImageFeed.app; sourceTree = BUILT_PRODUCTS_DIR; };
		59CF2F582B0024CE00C639FD /* AppDelegate.swift */ = {isa = PBXFileReference; lastKnownFileType = sourcecode.swift; path = AppDelegate.swift; sourceTree = "<group>"; };
		59CF2F5A2B0024CE00C639FD /* SceneDelegate.swift */ = {isa = PBXFileReference; lastKnownFileType = sourcecode.swift; path = SceneDelegate.swift; sourceTree = "<group>"; };
		59CF2F5C2B0024CE00C639FD /* ImagesListViewController.swift */ = {isa = PBXFileReference; lastKnownFileType = sourcecode.swift; path = ImagesListViewController.swift; sourceTree = "<group>"; };
		59CF2F5F2B0024CE00C639FD /* Base */ = {isa = PBXFileReference; lastKnownFileType = file.storyboard; name = Base; path = Base.lproj/Main.storyboard; sourceTree = "<group>"; };
		59CF2F612B0024E500C639FD /* Assets.xcassets */ = {isa = PBXFileReference; lastKnownFileType = folder.assetcatalog; path = Assets.xcassets; sourceTree = "<group>"; };
		59CF2F642B0024E500C639FD /* Base */ = {isa = PBXFileReference; lastKnownFileType = file.storyboard; name = Base; path = Base.lproj/LaunchScreen.storyboard; sourceTree = "<group>"; };
		59CF2F662B0024E500C639FD /* Info.plist */ = {isa = PBXFileReference; lastKnownFileType = text.plist.xml; path = Info.plist; sourceTree = "<group>"; };
		59CF2F6D2B07EF6B00C639FD /* UIColor+Extensions.swift */ = {isa = PBXFileReference; lastKnownFileType = sourcecode.swift; path = "UIColor+Extensions.swift"; sourceTree = "<group>"; };
		59CF2F8F2B0E7B1E00C639FD /* ImagesListCell.swift */ = {isa = PBXFileReference; lastKnownFileType = sourcecode.swift; path = ImagesListCell.swift; sourceTree = "<group>"; };
/* End PBXFileReference section */

/* Begin PBXFrameworksBuildPhase section */
		59CF2F522B0024CE00C639FD /* Frameworks */ = {
			isa = PBXFrameworksBuildPhase;
			buildActionMask = 2147483647;
			files = (
				597461002B4B32F3000D8A4A /* Kingfisher in Frameworks */,
				597460ED2B48692A000D8A4A /* SwiftKeychainWrapper in Frameworks */,
				597460EA2B47353B000D8A4A /* ProgressHUD in Frameworks */,
			);
			runOnlyForDeploymentPostprocessing = 0;
		};
/* End PBXFrameworksBuildPhase section */

/* Begin PBXGroup section */
		591867F62B36095F00D08725 /* Auth */ = {
			isa = PBXGroup;
			children = (
				591867F42B3603B900D08725 /* AuthViewController.swift */,
				591867F72B36103700D08725 /* WebViewViewController.swift */,
				595B36F52B3A007E007AD0A5 /* OAuth2TokenResponseBody.swift */,
				597460E12B3A196A000D8A4A /* OAuth2Service.swift */,
				597460E32B3A2279000D8A4A /* OAuth2TokenStorage.swift */,
			);
			path = Auth;
			sourceTree = "<group>";
		};
		591F7A922B17C0FC000C6B0E /* Profile */ = {
			isa = PBXGroup;
			children = (
				591F7A932B17C156000C6B0E /* ProfileViewController.swift */,
				597460FA2B49DBCD000D8A4A /* ProfileService.swift */,
				597460FC2B49DC12000D8A4A /* ProfileStructures.swift */,
				597461012B4C3B7C000D8A4A /* ProfileImageService.swift */,
			);
			path = Profile;
			sourceTree = "<group>";
		};
		595FFBFB2B4DF053000E1CB7 /* TabBar */ = {
			isa = PBXGroup;
			children = (
				595FFBFC2B4DF08C000E1CB7 /* TabBarController.swift */,
			);
			path = TabBar;
			sourceTree = "<group>";
		};
		597460E52B456ECB000D8A4A /* SplashViewController */ = {
			isa = PBXGroup;
			children = (
				597460E62B456F80000D8A4A /* SplashViewController.swift */,
			);
			path = SplashViewController;
			sourceTree = "<group>";
		};
		597460F02B49A2D6000D8A4A /* Alerts */ = {
			isa = PBXGroup;
			children = (
				597460F12B49A338000D8A4A /* AlertPresenter.swift */,
			);
			path = Alerts;
			sourceTree = "<group>";
		};
		597460F32B49A744000D8A4A /* Network */ = {
			isa = PBXGroup;
			children = (
				597460F42B49A7A8000D8A4A /* URLSessionExtension.swift */,
				597460F62B49A84F000D8A4A /* NetworkErrors.swift */,
				597460F82B49B0DC000D8A4A /* URLRequestBuilder.swift */,
			);
			path = Network;
			sourceTree = "<group>";
		};
		59CF2F4C2B0024CE00C639FD = {
			isa = PBXGroup;
			children = (
				59CF2F572B0024CE00C639FD /* ImageFeed */,
				59CF2F562B0024CE00C639FD /* Products */,
			);
			sourceTree = "<group>";
		};
		59CF2F562B0024CE00C639FD /* Products */ = {
			isa = PBXGroup;
			children = (
				59CF2F552B0024CE00C639FD /* ImageFeed.app */,
			);
			name = Products;
			sourceTree = "<group>";
		};
		59CF2F572B0024CE00C639FD /* ImageFeed */ = {
			isa = PBXGroup;
			children = (
				59CF2F582B0024CE00C639FD /* AppDelegate.swift */,
				59CF2F5A2B0024CE00C639FD /* SceneDelegate.swift */,
				591867F62B36095F00D08725 /* Auth */,
				591F7A922B17C0FC000C6B0E /* Profile */,
				595FFBFB2B4DF053000E1CB7 /* TabBar */,
				597460E52B456ECB000D8A4A /* SplashViewController */,
				59CF2F912B0E7B7400C639FD /* ImagesList */,
				59F585D62B1B2B26004F6A81 /* SingleImage */,
				597460F02B49A2D6000D8A4A /* Alerts */,
				597460F32B49A744000D8A4A /* Network */,
				59CF2F6C2B07EEFF00C639FD /* Helpers */,
				59CF2F5E2B0024CE00C639FD /* Main.storyboard */,
				59CF2F612B0024E500C639FD /* Assets.xcassets */,
				59CF2F632B0024E500C639FD /* LaunchScreen.storyboard */,
				59CF2F662B0024E500C639FD /* Info.plist */,
			);
			path = ImageFeed;
			sourceTree = "<group>";
		};
		59CF2F6C2B07EEFF00C639FD /* Helpers */ = {
			isa = PBXGroup;
			children = (
				59CF2F6D2B07EF6B00C639FD /* UIColor+Extensions.swift */,
				591867F22B2E30D800D08725 /* Constants.swift */,
				59AA18792B1540A30085E35E /* GradientView.swift */,
				597460EE2B49A129000D8A4A /* UIBlockingProgressHUD.swift */,
			);
			path = Helpers;
			sourceTree = "<group>";
		};
		59CF2F912B0E7B7400C639FD /* ImagesList */ = {
			isa = PBXGroup;
			children = (
				59CF2F5C2B0024CE00C639FD /* ImagesListViewController.swift */,
				59CF2F8F2B0E7B1E00C639FD /* ImagesListCell.swift */,
			);
			path = ImagesList;
			sourceTree = "<group>";
		};
		59F585D62B1B2B26004F6A81 /* SingleImage */ = {
			isa = PBXGroup;
			children = (
				599DC5962B1B441200B0C091 /* SingleImageViewController.swift */,
			);
			path = SingleImage;
			sourceTree = "<group>";
		};
/* End PBXGroup section */

/* Begin PBXNativeTarget section */
		59CF2F542B0024CE00C639FD /* ImageFeed */ = {
			isa = PBXNativeTarget;
			buildConfigurationList = 59CF2F692B0024E500C639FD /* Build configuration list for PBXNativeTarget "ImageFeed" */;
			buildPhases = (
				59CF2F512B0024CE00C639FD /* Sources */,
				59CF2F522B0024CE00C639FD /* Frameworks */,
				59CF2F532B0024CE00C639FD /* Resources */,
			);
			buildRules = (
			);
			dependencies = (
			);
			name = ImageFeed;
			packageProductDependencies = (
				597460E92B47353B000D8A4A /* ProgressHUD */,
				597460EC2B48692A000D8A4A /* SwiftKeychainWrapper */,
				597460FF2B4B32F3000D8A4A /* Kingfisher */,
			);
			productName = ImageFeed;
			productReference = 59CF2F552B0024CE00C639FD /* ImageFeed.app */;
			productType = "com.apple.product-type.application";
		};
/* End PBXNativeTarget section */

/* Begin PBXProject section */
		59CF2F4D2B0024CE00C639FD /* Project object */ = {
			isa = PBXProject;
			attributes = {
				BuildIndependentTargetsInParallel = 1;
				LastSwiftUpdateCheck = 1340;
				LastUpgradeCheck = 1340;
				TargetAttributes = {
					59CF2F542B0024CE00C639FD = {
						CreatedOnToolsVersion = 13.4.1;
					};
				};
			};
			buildConfigurationList = 59CF2F502B0024CE00C639FD /* Build configuration list for PBXProject "ImageFeed" */;
			compatibilityVersion = "Xcode 13.0";
			developmentRegion = en;
			hasScannedForEncodings = 0;
			knownRegions = (
				en,
				Base,
			);
			mainGroup = 59CF2F4C2B0024CE00C639FD;
			packageReferences = (
				597460E82B47353B000D8A4A /* XCRemoteSwiftPackageReference "ProgressHUD" */,
				597460EB2B486929000D8A4A /* XCRemoteSwiftPackageReference "SwiftKeychainWrapper" */,
				597460FE2B4B32F3000D8A4A /* XCRemoteSwiftPackageReference "Kingfisher" */,
			);
			productRefGroup = 59CF2F562B0024CE00C639FD /* Products */;
			projectDirPath = "";
			projectRoot = "";
			targets = (
				59CF2F542B0024CE00C639FD /* ImageFeed */,
			);
		};
/* End PBXProject section */

/* Begin PBXResourcesBuildPhase section */
		59CF2F532B0024CE00C639FD /* Resources */ = {
			isa = PBXResourcesBuildPhase;
			buildActionMask = 2147483647;
			files = (
				59CF2F652B0024E500C639FD /* LaunchScreen.storyboard in Resources */,
				59CF2F622B0024E500C639FD /* Assets.xcassets in Resources */,
				59CF2F602B0024CE00C639FD /* Main.storyboard in Resources */,
			);
			runOnlyForDeploymentPostprocessing = 0;
		};
/* End PBXResourcesBuildPhase section */

/* Begin PBXSourcesBuildPhase section */
		59CF2F512B0024CE00C639FD /* Sources */ = {
			isa = PBXSourcesBuildPhase;
			buildActionMask = 2147483647;
			files = (
				59CF2F5D2B0024CE00C639FD /* ImagesListViewController.swift in Sources */,
				597460F92B49B0DC000D8A4A /* URLRequestBuilder.swift in Sources */,
				591867F82B36103700D08725 /* WebViewViewController.swift in Sources */,
				595B36F62B3A007E007AD0A5 /* OAuth2TokenResponseBody.swift in Sources */,
				597460EF2B49A129000D8A4A /* UIBlockingProgressHUD.swift in Sources */,
				59CF2F592B0024CE00C639FD /* AppDelegate.swift in Sources */,
				59CF2F902B0E7B1E00C639FD /* ImagesListCell.swift in Sources */,
				597460FD2B49DC12000D8A4A /* ProfileStructures.swift in Sources */,
				59AA187A2B1540A30085E35E /* GradientView.swift in Sources */,
				595FFBFD2B4DF08C000E1CB7 /* TabBarController.swift in Sources */,
				597460E42B3A2279000D8A4A /* OAuth2TokenStorage.swift in Sources */,
				591F7A942B17C156000C6B0E /* ProfileViewController.swift in Sources */,
				597461022B4C3B7C000D8A4A /* ProfileImageService.swift in Sources */,
				591867F52B3603B900D08725 /* AuthViewController.swift in Sources */,
				597460E72B456F80000D8A4A /* SplashViewController.swift in Sources */,
				597460F72B49A84F000D8A4A /* NetworkErrors.swift in Sources */,
				597460F22B49A338000D8A4A /* AlertPresenter.swift in Sources */,
				597460E22B3A196A000D8A4A /* OAuth2Service.swift in Sources */,
				59CF2F5B2B0024CE00C639FD /* SceneDelegate.swift in Sources */,
				597460F52B49A7A8000D8A4A /* URLSessionExtension.swift in Sources */,
				599DC5972B1B441200B0C091 /* SingleImageViewController.swift in Sources */,
				59CF2F6E2B07EF6B00C639FD /* UIColor+Extensions.swift in Sources */,
				591867F32B2E30D800D08725 /* Constants.swift in Sources */,
				597460FB2B49DBCD000D8A4A /* ProfileService.swift in Sources */,
			);
			runOnlyForDeploymentPostprocessing = 0;
		};
/* End PBXSourcesBuildPhase section */

/* Begin PBXVariantGroup section */
		59CF2F5E2B0024CE00C639FD /* Main.storyboard */ = {
			isa = PBXVariantGroup;
			children = (
				59CF2F5F2B0024CE00C639FD /* Base */,
			);
			name = Main.storyboard;
			sourceTree = "<group>";
		};
		59CF2F632B0024E500C639FD /* LaunchScreen.storyboard */ = {
			isa = PBXVariantGroup;
			children = (
				59CF2F642B0024E500C639FD /* Base */,
			);
			name = LaunchScreen.storyboard;
			sourceTree = "<group>";
		};
/* End PBXVariantGroup section */

/* Begin XCBuildConfiguration section */
		59CF2F672B0024E500C639FD /* Debug */ = {
			isa = XCBuildConfiguration;
			buildSettings = {
				ALWAYS_SEARCH_USER_PATHS = NO;
				CLANG_ANALYZER_NONNULL = YES;
				CLANG_ANALYZER_NUMBER_OBJECT_CONVERSION = YES_AGGRESSIVE;
				CLANG_CXX_LANGUAGE_STANDARD = "gnu++17";
				CLANG_ENABLE_MODULES = YES;
				CLANG_ENABLE_OBJC_ARC = YES;
				CLANG_ENABLE_OBJC_WEAK = YES;
				CLANG_WARN_BLOCK_CAPTURE_AUTORELEASING = YES;
				CLANG_WARN_BOOL_CONVERSION = YES;
				CLANG_WARN_COMMA = YES;
				CLANG_WARN_CONSTANT_CONVERSION = YES;
				CLANG_WARN_DEPRECATED_OBJC_IMPLEMENTATIONS = YES;
				CLANG_WARN_DIRECT_OBJC_ISA_USAGE = YES_ERROR;
				CLANG_WARN_DOCUMENTATION_COMMENTS = YES;
				CLANG_WARN_EMPTY_BODY = YES;
				CLANG_WARN_ENUM_CONVERSION = YES;
				CLANG_WARN_INFINITE_RECURSION = YES;
				CLANG_WARN_INT_CONVERSION = YES;
				CLANG_WARN_NON_LITERAL_NULL_CONVERSION = YES;
				CLANG_WARN_OBJC_IMPLICIT_RETAIN_SELF = YES;
				CLANG_WARN_OBJC_LITERAL_CONVERSION = YES;
				CLANG_WARN_OBJC_ROOT_CLASS = YES_ERROR;
				CLANG_WARN_QUOTED_INCLUDE_IN_FRAMEWORK_HEADER = YES;
				CLANG_WARN_RANGE_LOOP_ANALYSIS = YES;
				CLANG_WARN_STRICT_PROTOTYPES = YES;
				CLANG_WARN_SUSPICIOUS_MOVE = YES;
				CLANG_WARN_UNGUARDED_AVAILABILITY = YES_AGGRESSIVE;
				CLANG_WARN_UNREACHABLE_CODE = YES;
				CLANG_WARN__DUPLICATE_METHOD_MATCH = YES;
				COPY_PHASE_STRIP = NO;
				DEBUG_INFORMATION_FORMAT = dwarf;
				ENABLE_STRICT_OBJC_MSGSEND = YES;
				ENABLE_TESTABILITY = YES;
				GCC_C_LANGUAGE_STANDARD = gnu11;
				GCC_DYNAMIC_NO_PIC = NO;
				GCC_NO_COMMON_BLOCKS = YES;
				GCC_OPTIMIZATION_LEVEL = 0;
				GCC_PREPROCESSOR_DEFINITIONS = (
					"DEBUG=1",
					"$(inherited)",
				);
				GCC_WARN_64_TO_32_BIT_CONVERSION = YES;
				GCC_WARN_ABOUT_RETURN_TYPE = YES_ERROR;
				GCC_WARN_UNDECLARED_SELECTOR = YES;
				GCC_WARN_UNINITIALIZED_AUTOS = YES_AGGRESSIVE;
				GCC_WARN_UNUSED_FUNCTION = YES;
				GCC_WARN_UNUSED_VARIABLE = YES;
				IPHONEOS_DEPLOYMENT_TARGET = 15.5;
				MTL_ENABLE_DEBUG_INFO = INCLUDE_SOURCE;
				MTL_FAST_MATH = YES;
				ONLY_ACTIVE_ARCH = YES;
				SDKROOT = iphoneos;
				SWIFT_ACTIVE_COMPILATION_CONDITIONS = DEBUG;
				SWIFT_OPTIMIZATION_LEVEL = "-Onone";
			};
			name = Debug;
		};
		59CF2F682B0024E500C639FD /* Release */ = {
			isa = XCBuildConfiguration;
			buildSettings = {
				ALWAYS_SEARCH_USER_PATHS = NO;
				CLANG_ANALYZER_NONNULL = YES;
				CLANG_ANALYZER_NUMBER_OBJECT_CONVERSION = YES_AGGRESSIVE;
				CLANG_CXX_LANGUAGE_STANDARD = "gnu++17";
				CLANG_ENABLE_MODULES = YES;
				CLANG_ENABLE_OBJC_ARC = YES;
				CLANG_ENABLE_OBJC_WEAK = YES;
				CLANG_WARN_BLOCK_CAPTURE_AUTORELEASING = YES;
				CLANG_WARN_BOOL_CONVERSION = YES;
				CLANG_WARN_COMMA = YES;
				CLANG_WARN_CONSTANT_CONVERSION = YES;
				CLANG_WARN_DEPRECATED_OBJC_IMPLEMENTATIONS = YES;
				CLANG_WARN_DIRECT_OBJC_ISA_USAGE = YES_ERROR;
				CLANG_WARN_DOCUMENTATION_COMMENTS = YES;
				CLANG_WARN_EMPTY_BODY = YES;
				CLANG_WARN_ENUM_CONVERSION = YES;
				CLANG_WARN_INFINITE_RECURSION = YES;
				CLANG_WARN_INT_CONVERSION = YES;
				CLANG_WARN_NON_LITERAL_NULL_CONVERSION = YES;
				CLANG_WARN_OBJC_IMPLICIT_RETAIN_SELF = YES;
				CLANG_WARN_OBJC_LITERAL_CONVERSION = YES;
				CLANG_WARN_OBJC_ROOT_CLASS = YES_ERROR;
				CLANG_WARN_QUOTED_INCLUDE_IN_FRAMEWORK_HEADER = YES;
				CLANG_WARN_RANGE_LOOP_ANALYSIS = YES;
				CLANG_WARN_STRICT_PROTOTYPES = YES;
				CLANG_WARN_SUSPICIOUS_MOVE = YES;
				CLANG_WARN_UNGUARDED_AVAILABILITY = YES_AGGRESSIVE;
				CLANG_WARN_UNREACHABLE_CODE = YES;
				CLANG_WARN__DUPLICATE_METHOD_MATCH = YES;
				COPY_PHASE_STRIP = NO;
				DEBUG_INFORMATION_FORMAT = "dwarf-with-dsym";
				ENABLE_NS_ASSERTIONS = NO;
				ENABLE_STRICT_OBJC_MSGSEND = YES;
				GCC_C_LANGUAGE_STANDARD = gnu11;
				GCC_NO_COMMON_BLOCKS = YES;
				GCC_WARN_64_TO_32_BIT_CONVERSION = YES;
				GCC_WARN_ABOUT_RETURN_TYPE = YES_ERROR;
				GCC_WARN_UNDECLARED_SELECTOR = YES;
				GCC_WARN_UNINITIALIZED_AUTOS = YES_AGGRESSIVE;
				GCC_WARN_UNUSED_FUNCTION = YES;
				GCC_WARN_UNUSED_VARIABLE = YES;
				IPHONEOS_DEPLOYMENT_TARGET = 15.5;
				MTL_ENABLE_DEBUG_INFO = NO;
				MTL_FAST_MATH = YES;
				SDKROOT = iphoneos;
				SWIFT_COMPILATION_MODE = wholemodule;
				SWIFT_OPTIMIZATION_LEVEL = "-O";
				VALIDATE_PRODUCT = YES;
			};
			name = Release;
		};
		59CF2F6A2B0024E500C639FD /* Debug */ = {
			isa = XCBuildConfiguration;
			buildSettings = {
				ASSETCATALOG_COMPILER_APPICON_NAME = AppIcon;
				ASSETCATALOG_COMPILER_GLOBAL_ACCENT_COLOR_NAME = AccentColor;
				CODE_SIGN_STYLE = Automatic;
				CURRENT_PROJECT_VERSION = 1;
				DEVELOPMENT_TEAM = 3U52ZX6J4K;
				GENERATE_INFOPLIST_FILE = YES;
				INFOPLIST_FILE = ImageFeed/Info.plist;
				INFOPLIST_KEY_UIApplicationSupportsIndirectInputEvents = YES;
				INFOPLIST_KEY_UILaunchStoryboardName = LaunchScreen;
				INFOPLIST_KEY_UIMainStoryboardFile = Main;
				INFOPLIST_KEY_UISupportedInterfaceOrientations = UIInterfaceOrientationPortrait;
				INFOPLIST_KEY_UISupportedInterfaceOrientations_iPad = "UIInterfaceOrientationPortrait UIInterfaceOrientationPortraitUpsideDown UIInterfaceOrientationLandscapeLeft UIInterfaceOrientationLandscapeRight";
				INFOPLIST_KEY_UISupportedInterfaceOrientations_iPhone = UIInterfaceOrientationPortrait;
				IPHONEOS_DEPLOYMENT_TARGET = 13.0;
				LD_RUNPATH_SEARCH_PATHS = (
					"$(inherited)",
					"@executable_path/Frameworks",
				);
				MARKETING_VERSION = 1.0;
				PRODUCT_BUNDLE_IDENTIFIER = ru.zakharova.ImageFeed;
				PRODUCT_NAME = "$(TARGET_NAME)";
				SWIFT_EMIT_LOC_STRINGS = YES;
				SWIFT_VERSION = 5.0;
				TARGETED_DEVICE_FAMILY = 1;
			};
			name = Debug;
		};
		59CF2F6B2B0024E500C639FD /* Release */ = {
			isa = XCBuildConfiguration;
			buildSettings = {
				ASSETCATALOG_COMPILER_APPICON_NAME = AppIcon;
				ASSETCATALOG_COMPILER_GLOBAL_ACCENT_COLOR_NAME = AccentColor;
				CODE_SIGN_STYLE = Automatic;
				CURRENT_PROJECT_VERSION = 1;
				DEVELOPMENT_TEAM = 3U52ZX6J4K;
				GENERATE_INFOPLIST_FILE = YES;
				INFOPLIST_FILE = ImageFeed/Info.plist;
				INFOPLIST_KEY_UIApplicationSupportsIndirectInputEvents = YES;
				INFOPLIST_KEY_UILaunchStoryboardName = LaunchScreen;
				INFOPLIST_KEY_UIMainStoryboardFile = Main;
				INFOPLIST_KEY_UISupportedInterfaceOrientations = UIInterfaceOrientationPortrait;
				INFOPLIST_KEY_UISupportedInterfaceOrientations_iPad = "UIInterfaceOrientationPortrait UIInterfaceOrientationPortraitUpsideDown UIInterfaceOrientationLandscapeLeft UIInterfaceOrientationLandscapeRight";
				INFOPLIST_KEY_UISupportedInterfaceOrientations_iPhone = UIInterfaceOrientationPortrait;
				IPHONEOS_DEPLOYMENT_TARGET = 13.0;
				LD_RUNPATH_SEARCH_PATHS = (
					"$(inherited)",
					"@executable_path/Frameworks",
				);
				MARKETING_VERSION = 1.0;
				PRODUCT_BUNDLE_IDENTIFIER = ru.zakharova.ImageFeed;
				PRODUCT_NAME = "$(TARGET_NAME)";
				SWIFT_EMIT_LOC_STRINGS = YES;
				SWIFT_VERSION = 5.0;
				TARGETED_DEVICE_FAMILY = 1;
			};
			name = Release;
		};
/* End XCBuildConfiguration section */

/* Begin XCConfigurationList section */
		59CF2F502B0024CE00C639FD /* Build configuration list for PBXProject "ImageFeed" */ = {
			isa = XCConfigurationList;
			buildConfigurations = (
				59CF2F672B0024E500C639FD /* Debug */,
				59CF2F682B0024E500C639FD /* Release */,
			);
			defaultConfigurationIsVisible = 0;
			defaultConfigurationName = Release;
		};
		59CF2F692B0024E500C639FD /* Build configuration list for PBXNativeTarget "ImageFeed" */ = {
			isa = XCConfigurationList;
			buildConfigurations = (
				59CF2F6A2B0024E500C639FD /* Debug */,
				59CF2F6B2B0024E500C639FD /* Release */,
			);
			defaultConfigurationIsVisible = 0;
			defaultConfigurationName = Release;
		};
/* End XCConfigurationList section */

/* Begin XCRemoteSwiftPackageReference section */
		597460E82B47353B000D8A4A /* XCRemoteSwiftPackageReference "ProgressHUD" */ = {
			isa = XCRemoteSwiftPackageReference;
			repositoryURL = "https://github.com/relatedcode/ProgressHUD";
			requirement = {
				kind = exactVersion;
				version = 13.6.1;
			};
		};
		597460EB2B486929000D8A4A /* XCRemoteSwiftPackageReference "SwiftKeychainWrapper" */ = {
			isa = XCRemoteSwiftPackageReference;
			repositoryURL = "https://github.com/jrendel/SwiftKeychainWrapper";
			requirement = {
				kind = upToNextMajorVersion;
				minimumVersion = 4.0.0;
			};
		};
		597460FE2B4B32F3000D8A4A /* XCRemoteSwiftPackageReference "Kingfisher" */ = {
			isa = XCRemoteSwiftPackageReference;
			repositoryURL = "https://github.com/onevcat/Kingfisher?ysclid=lr3vwg3giw84284263";
			requirement = {
				kind = upToNextMajorVersion;
				minimumVersion = 7.0.0;
			};
		};
/* End XCRemoteSwiftPackageReference section */

/* Begin XCSwiftPackageProductDependency section */
		597460E92B47353B000D8A4A /* ProgressHUD */ = {
			isa = XCSwiftPackageProductDependency;
			package = 597460E82B47353B000D8A4A /* XCRemoteSwiftPackageReference "ProgressHUD" */;
			productName = ProgressHUD;
		};
		597460EC2B48692A000D8A4A /* SwiftKeychainWrapper */ = {
			isa = XCSwiftPackageProductDependency;
			package = 597460EB2B486929000D8A4A /* XCRemoteSwiftPackageReference "SwiftKeychainWrapper" */;
			productName = SwiftKeychainWrapper;
		};
		597460FF2B4B32F3000D8A4A /* Kingfisher */ = {
			isa = XCSwiftPackageProductDependency;
			package = 597460FE2B4B32F3000D8A4A /* XCRemoteSwiftPackageReference "Kingfisher" */;
			productName = Kingfisher;
		};
/* End XCSwiftPackageProductDependency section */
	};
	rootObject = 59CF2F4D2B0024CE00C639FD /* Project object */;
}
